github.com/gen2brain/malgo v0.11.25 h1:g0eMVeZIBvMRBbkVSR8p7ZafGFbxBcQERPa1GKHkg34=
github.com/gen2brain/malgo v0.11.25/go.mod h1:xLVG3ROA33Bzol1quF3e4ehqcFuqh8QK4B8T6LQUs/M=
github.com/go-audio/audio v1.0.0 h1:zS9vebldgbQqktK4H0lUqWrG8P0NxCJVqcj7ZpNnwd4=
github.com/go-audio/audio v1.0.0/go.mod h1:6uAu0+H2lHkwdGsAY+j2wHPNPpPoeg5AaEFh9FlA+Zs=
github.com/go-audio/riff v1.0.0 h1:d8iCGbDvox9BfLagY94fBynxSPHO80LmZCaOsmKxokA=
github.com/go-audio/riff v1.0.0/go.mod h1:l3cQwc85y79NQFCRB7TiPoNiaijp6q8Z0Uv38rVG498=
github.com/go-audio/wav v1.1.0 h1:jQgLtbqBzY7G+BM8fXF7AHUk1uHUviWS4X39d5rsL2g=
github.com/go-audio/wav v1.1.0/go.mod h1:mpe9qfwbScEbkd8uybLuIpTgHyrISw/OTuvjUW2iGtE=
github.com/gordonklaus/portaudio v0.0.0-20260203164431-765aa7dfa631 h1:8TBHztmhDfAAg34yddptshinXBtDQwgKGlMfdtSFETw=
github.com/gordonklaus/portaudio v0.0.0-20260203164431-765aa7dfa631/go.mod h1:esZFQEUwqC+l76f2R8bIWSwXMaPbp79PppwZ1eJhFco=
